
Microsoft Visual Studio Solution File, Format Version 12.00
# Visual Studio Version 16
VisualStudioVersion = 16.0.30804.86
MinimumVisualStudioVersion = 10.0.40219.1
Project("{8BC9CEB8-8B4A-11D0-8D11-00A0C91BC942}") = "SFML_Adapter", "SFML_Adapter\SFML_Adapter.vcxproj", "{67AF5D6F-78F5-4A2F-8A1D-17041E44DB26}"
	ProjectSection(ProjectDependencies) = postProject
		{BF6947C2-2C0C-4807-8833-7F0A6B99F9E6} = {BF6947C2-2C0C-4807-8833-7F0A6B99F9E6}
	EndProjectSection
EndProject
Project("{8BC9CEB8-8B4A-11D0-8D11-00A0C91BC942}") = "IO_Adapter", "IO_Adapter\IO_Adapter.vcxproj", "{BF6947C2-2C0C-4807-8833-7F0A6B99F9E6}"
EndProject
Project("{8BC9CEB8-8B4A-11D0-8D11-00A0C91BC942}") = "Scene_Manager", "Scene_Manager\Scene_Manager.vcxproj", "{53486AF5-2C72-4054-BC00-453F9957649E}"
	ProjectSection(ProjectDependencies) = postProject
		{BF6947C2-2C0C-4807-8833-7F0A6B99F9E6} = {BF6947C2-2C0C-4807-8833-7F0A6B99F9E6}
	EndProjectSection
EndProject
Project("{8BC9CEB8-8B4A-11D0-8D11-00A0C91BC942}") = "Application", "Application\Application.vcxproj", "{31C12FBE-3DFD-4419-AB4C-262E1A47DBFC}"
EndProject
Project("{8BC9CEB8-8B4A-11D0-8D11-00A0C91BC942}") = "Game_Logic", "Game_Logic\Game_Logic.vcxproj", "{C6B079CE-8709-4E53-9710-F26D75D3F530}"
EndProject
Project("{8BC9CEB8-8B4A-11D0-8D11-00A0C91BC942}") = "Utils", "Utils\Utils.vcxproj", "{EB53BAD5-E2E2-461A-AF51-5FC69CEC53E8}"
EndProject
Global
	GlobalSection(SolutionConfigurationPlatforms) = preSolution
		Debug|x64 = Debug|x64
		Debug|x86 = Debug|x86
		Release|x64 = Release|x64
		Release|x86 = Release|x86
	EndGlobalSection
	GlobalSection(ProjectConfigurationPlatforms) = postSolution
		{67AF5D6F-78F5-4A2F-8A1D-17041E44DB26}.Debug|x64.ActiveCfg = Debug|x64
		{67AF5D6F-78F5-4A2F-8A1D-17041E44DB26}.Debug|x64.Build.0 = Debug|x64
		{67AF5D6F-78F5-4A2F-8A1D-17041E44DB26}.Debug|x86.ActiveCfg = Debug|Win32
		{67AF5D6F-78F5-4A2F-8A1D-17041E44DB26}.Debug|x86.Build.0 = Debug|Win32
		{67AF5D6F-78F5-4A2F-8A1D-17041E44DB26}.Release|x64.ActiveCfg = Release|x64
		{67AF5D6F-78F5-4A2F-8A1D-17041E44DB26}.Release|x64.Build.0 = Release|x64
		{67AF5D6F-78F5-4A2F-8A1D-17041E44DB26}.Release|x86.ActiveCfg = Release|Win32
		{67AF5D6F-78F5-4A2F-8A1D-17041E44DB26}.Release|x86.Build.0 = Release|Win32
		{BF6947C2-2C0C-4807-8833-7F0A6B99F9E6}.Debug|x64.ActiveCfg = Debug|x64
		{BF6947C2-2C0C-4807-8833-7F0A6B99F9E6}.Debug|x64.Build.0 = Debug|x64
		{BF6947C2-2C0C-4807-8833-7F0A6B99F9E6}.Debug|x86.ActiveCfg = Debug|Win32
		{BF6947C2-2C0C-4807-8833-7F0A6B99F9E6}.Debug|x86.Build.0 = Debug|Win32
		{BF6947C2-2C0C-4807-8833-7F0A6B99F9E6}.Release|x64.ActiveCfg = Release|x64
		{BF6947C2-2C0C-4807-8833-7F0A6B99F9E6}.Release|x64.Build.0 = Release|x64
		{BF6947C2-2C0C-4807-8833-7F0A6B99F9E6}.Release|x86.ActiveCfg = Release|Win32
		{BF6947C2-2C0C-4807-8833-7F0A6B99F9E6}.Release|x86.Build.0 = Release|Win32
		{53486AF5-2C72-4054-BC00-453F9957649E}.Debug|x64.ActiveCfg = Debug|x64
		{53486AF5-2C72-4054-BC00-453F9957649E}.Debug|x64.Build.0 = Debug|x64
		{53486AF5-2C72-4054-BC00-453F9957649E}.Debug|x86.ActiveCfg = Debug|Win32
		{53486AF5-2C72-4054-BC00-453F9957649E}.Debug|x86.Build.0 = Debug|Win32
		{53486AF5-2C72-4054-BC00-453F9957649E}.Release|x64.ActiveCfg = Release|x64
		{53486AF5-2C72-4054-BC00-453F9957649E}.Release|x64.Build.0 = Release|x64
		{53486AF5-2C72-4054-BC00-453F9957649E}.Release|x86.ActiveCfg = Release|Win32
		{53486AF5-2C72-4054-BC00-453F9957649E}.Release|x86.Build.0 = Release|Win32
		{31C12FBE-3DFD-4419-AB4C-262E1A47DBFC}.Debug|x64.ActiveCfg = Debug|x64
		{31C12FBE-3DFD-4419-AB4C-262E1A47DBFC}.Debug|x64.Build.0 = Debug|x64
		{31C12FBE-3DFD-4419-AB4C-262E1A47DBFC}.Debug|x86.ActiveCfg = Debug|Win32
		{31C12FBE-3DFD-4419-AB4C-262E1A47DBFC}.Debug|x86.Build.0 = Debug|Win32
		{31C12FBE-3DFD-4419-AB4C-262E1A47DBFC}.Release|x64.ActiveCfg = Release|x64
		{31C12FBE-3DFD-4419-AB4C-262E1A47DBFC}.Release|x64.Build.0 = Release|x64
		{31C12FBE-3DFD-4419-AB4C-262E1A47DBFC}.Release|x86.ActiveCfg = Release|Win32
		{31C12FBE-3DFD-4419-AB4C-262E1A47DBFC}.Release|x86.Build.0 = Release|Win32
		{C6B079CE-8709-4E53-9710-F26D75D3F530}.Debug|x64.ActiveCfg = Debug|x64
		{C6B079CE-8709-4E53-9710-F26D75D3F530}.Debug|x64.Build.0 = Debug|x64
		{C6B079CE-8709-4E53-9710-F26D75D3F530}.Debug|x86.ActiveCfg = Debug|Win32
		{C6B079CE-8709-4E53-9710-F26D75D3F530}.Debug|x86.Build.0 = Debug|Win32
		{C6B079CE-8709-4E53-9710-F26D75D3F530}.Release|x64.ActiveCfg = Release|x64
		{C6B079CE-8709-4E53-9710-F26D75D3F530}.Release|x64.Build.0 = Release|x64
		{C6B079CE-8709-4E53-9710-F26D75D3F530}.Release|x86.ActiveCfg = Release|Win32
		{C6B079CE-8709-4E53-9710-F26D75D3F530}.Release|x86.Build.0 = Release|Win32
		{EB53BAD5-E2E2-461A-AF51-5FC69CEC53E8}.Debug|x64.ActiveCfg = Debug|x64
		{EB53BAD5-E2E2-461A-AF51-5FC69CEC53E8}.Debug|x64.Build.0 = Debug|x64
		{EB53BAD5-E2E2-461A-AF51-5FC69CEC53E8}.Debug|x86.ActiveCfg = Debug|Win32
		{EB53BAD5-E2E2-461A-AF51-5FC69CEC53E8}.Debug|x86.Build.0 = Debug|Win32
		{EB53BAD5-E2E2-461A-AF51-5FC69CEC53E8}.Release|x64.ActiveCfg = Release|x64
		{EB53BAD5-E2E2-461A-AF51-5FC69CEC53E8}.Release|x64.Build.0 = Release|x64
		{EB53BAD5-E2E2-461A-AF51-5FC69CEC53E8}.Release|x86.ActiveCfg = Release|Win32
		{EB53BAD5-E2E2-461A-AF51-5FC69CEC53E8}.Release|x86.Build.0 = Release|Win32
	EndGlobalSection
	GlobalSection(SolutionProperties) = preSolution
		HideSolutionNode = FALSE
	EndGlobalSection
	GlobalSection(ExtensibilityGlobals) = postSolution
		SolutionGuid = {9BFF5473-ABCF-4A5E-84C3-D22FD7EA6078}
	EndGlobalSection
EndGlobal
